
Microsoft Visual Studio Solution File, Format Version 12.00
# Visual Studio Version 17
VisualStudioVersion = 17.4.33122.133
MinimumVisualStudioVersion = 10.0.40219.1
Project("{FAE04EC0-301F-11D3-BF4B-00C04F79EFBC}") = "AuctionHouse", "AuctionHouse\AuctionHouse.csproj", "{07B45321-3563-4315-A0BF-DC28316B77BF}"
EndProject
Global
	GlobalSection(SolutionConfigurationPlatforms) = preSolution
		Debug|Any CPU = Debug|Any CPU
		Release|Any CPU = Release|Any CPU
	EndGlobalSection
	GlobalSection(ProjectConfigurationPlatforms) = postSolution
		{07B45321-3563-4315-A0BF-DC28316B77BF}.Debug|Any CPU.ActiveCfg = Debug|Any CPU
		{07B45321-3563-4315-A0BF-DC28316B77BF}.Debug|Any CPU.Build.0 = Debug|Any CPU
		{07B45321-3563-4315-A0BF-DC28316B77BF}.Release|Any CPU.ActiveCfg = Release|Any CPU
		{07B45321-3563-4315-A0BF-DC28316B77BF}.Release|Any CPU.Build.0 = Release|Any CPU
	EndGlobalSection
	GlobalSection(SolutionProperties) = preSolution
		HideSolutionNode = FALSE
	EndGlobalSection
	GlobalSection(ExtensibilityGlobals) = postSolution
		SolutionGuid = {F4839DF5-5538-4A59-A601-E521048E2F68}
	EndGlobalSection
EndGlobal
