
Microsoft Visual Studio Solution File, Format Version 12.00
# Visual Studio Version 17
VisualStudioVersion = 17.5.33530.505
MinimumVisualStudioVersion = 10.0.40219.1
Project("{FAE04EC0-301F-11D3-BF4B-00C04F79EFBC}") = "CreditCard", "CreditCard\CreditCard.csproj", "{59ADECB8-130A-47BF-A722-F5C08AFD53BE}"
EndProject
Global
	GlobalSection(SolutionConfigurationPlatforms) = preSolution
		Debug|Any CPU = Debug|Any CPU
		Release|Any CPU = Release|Any CPU
	EndGlobalSection
	GlobalSection(ProjectConfigurationPlatforms) = postSolution
		{59ADECB8-130A-47BF-A722-F5C08AFD53BE}.Debug|Any CPU.ActiveCfg = Debug|Any CPU
		{59ADECB8-130A-47BF-A722-F5C08AFD53BE}.Debug|Any CPU.Build.0 = Debug|Any CPU
		{59ADECB8-130A-47BF-A722-F5C08AFD53BE}.Release|Any CPU.ActiveCfg = Release|Any CPU
		{59ADECB8-130A-47BF-A722-F5C08AFD53BE}.Release|Any CPU.Build.0 = Release|Any CPU
	EndGlobalSection
	GlobalSection(SolutionProperties) = preSolution
		HideSolutionNode = FALSE
	EndGlobalSection
	GlobalSection(ExtensibilityGlobals) = postSolution
		SolutionGuid = {72CFB461-49BE-421E-AF5E-7BC114D56F11}
	EndGlobalSection
EndGlobal
