
Microsoft Visual Studio Solution File, Format Version 12.00
# Visual Studio Version 17
VisualStudioVersion = 17.4.33122.133
MinimumVisualStudioVersion = 10.0.40219.1
Project("{FAE04EC0-301F-11D3-BF4B-00C04F79EFBC}") = "CarCustomization", "CarCustomization\CarCustomization.csproj", "{44B9447D-14D8-44F6-A6BB-E28FEDAA5005}"
EndProject
Global
	GlobalSection(SolutionConfigurationPlatforms) = preSolution
		Debug|Any CPU = Debug|Any CPU
		Release|Any CPU = Release|Any CPU
	EndGlobalSection
	GlobalSection(ProjectConfigurationPlatforms) = postSolution
		{44B9447D-14D8-44F6-A6BB-E28FEDAA5005}.Debug|Any CPU.ActiveCfg = Debug|Any CPU
		{44B9447D-14D8-44F6-A6BB-E28FEDAA5005}.Debug|Any CPU.Build.0 = Debug|Any CPU
		{44B9447D-14D8-44F6-A6BB-E28FEDAA5005}.Release|Any CPU.ActiveCfg = Release|Any CPU
		{44B9447D-14D8-44F6-A6BB-E28FEDAA5005}.Release|Any CPU.Build.0 = Release|Any CPU
	EndGlobalSection
	GlobalSection(SolutionProperties) = preSolution
		HideSolutionNode = FALSE
	EndGlobalSection
	GlobalSection(ExtensibilityGlobals) = postSolution
		SolutionGuid = {D128172A-76AE-4A06-9D2C-64513ADB45C4}
	EndGlobalSection
EndGlobal
